// !$*UTF8*$!
{
	archiveVersion = 1;
	classes = {
	};
	objectVersion = 50;
	objects = {

/* Begin PBXBuildFile section */
		3D2D6E26213D2D50004FA710 /* main.swift in Sources */ = {isa = PBXBuildFile; fileRef = 3D2D6E25213D2D50004FA710 /* main.swift */; };
		3D2D6E2D213D2DBD004FA710 /* StackDataStructure.swift in Sources */ = {isa = PBXBuildFile; fileRef = 3D2D6E2C213D2DBD004FA710 /* StackDataStructure.swift */; };
		3D2D6E31213D4364004FA710 /* Queue.swift in Sources */ = {isa = PBXBuildFile; fileRef = 3D2D6E30213D4364004FA710 /* Queue.swift */; };
		3D2D6E34213E7141004FA710 /* InsertionSort.swift in Sources */ = {isa = PBXBuildFile; fileRef = 3D2D6E33213E7141004FA710 /* InsertionSort.swift */; };
		3D2D6E3721412C6D004FA710 /* MergeSort.swift in Sources */ = {isa = PBXBuildFile; fileRef = 3D2D6E3621412C6D004FA710 /* MergeSort.swift */; };
/* End PBXBuildFile section */

/* Begin PBXCopyFilesBuildPhase section */
		3D2D6E20213D2D50004FA710 /* CopyFiles */ = {
			isa = PBXCopyFilesBuildPhase;
			buildActionMask = 2147483647;
			dstPath = /usr/share/man/man1/;
			dstSubfolderSpec = 0;
			files = (
			);
			runOnlyForDeploymentPostprocessing = 1;
		};
/* End PBXCopyFilesBuildPhase section */

/* Begin PBXFileReference section */
		3D2D6E22213D2D50004FA710 /* AlgorithmsAndDataStructure */ = {isa = PBXFileReference; explicitFileType = "compiled.mach-o.executable"; includeInIndex = 0; path = AlgorithmsAndDataStructure; sourceTree = BUILT_PRODUCTS_DIR; };
		3D2D6E25213D2D50004FA710 /* main.swift */ = {isa = PBXFileReference; lastKnownFileType = sourcecode.swift; path = main.swift; sourceTree = "<group>"; };
		3D2D6E2C213D2DBD004FA710 /* StackDataStructure.swift */ = {isa = PBXFileReference; lastKnownFileType = sourcecode.swift; path = StackDataStructure.swift; sourceTree = "<group>"; };
		3D2D6E30213D4364004FA710 /* Queue.swift */ = {isa = PBXFileReference; lastKnownFileType = sourcecode.swift; path = Queue.swift; sourceTree = "<group>"; };
		3D2D6E33213E7141004FA710 /* InsertionSort.swift */ = {isa = PBXFileReference; lastKnownFileType = sourcecode.swift; path = InsertionSort.swift; sourceTree = "<group>"; };
		3D2D6E3621412C6D004FA710 /* MergeSort.swift */ = {isa = PBXFileReference; lastKnownFileType = sourcecode.swift; path = MergeSort.swift; sourceTree = "<group>"; };
/* End PBXFileReference section */

/* Begin PBXFrameworksBuildPhase section */
		3D2D6E1F213D2D50004FA710 /* Frameworks */ = {
			isa = PBXFrameworksBuildPhase;
			buildActionMask = 2147483647;
			files = (
			);
			runOnlyForDeploymentPostprocessing = 0;
		};
/* End PBXFrameworksBuildPhase section */

/* Begin PBXGroup section */
		3D2D6E19213D2D50004FA710 = {
			isa = PBXGroup;
			children = (
				3D2D6E24213D2D50004FA710 /* AlgorithmsAndDataStructure */,
				3D2D6E23213D2D50004FA710 /* Products */,
			);
			sourceTree = "<group>";
		};
		3D2D6E23213D2D50004FA710 /* Products */ = {
			isa = PBXGroup;
			children = (
				3D2D6E22213D2D50004FA710 /* AlgorithmsAndDataStructure */,
			);
			name = Products;
			sourceTree = "<group>";
		};
		3D2D6E24213D2D50004FA710 /* AlgorithmsAndDataStructure */ = {
			isa = PBXGroup;
			children = (
				3D2D6E3521412C53004FA710 /* MergeSort */,
				3D2D6E32213E7100004FA710 /* InsertionSortAlgorithm */,
				3D2D6E2F213D431F004FA710 /* QueueDataStructure */,
				3D2D6E25213D2D50004FA710 /* main.swift */,
				3D2D6E2E213D2FB7004FA710 /* StackDataStructure */,
			);
			path = AlgorithmsAndDataStructure;
			sourceTree = "<group>";
		};
		3D2D6E2E213D2FB7004FA710 /* StackDataStructure */ = {
			isa = PBXGroup;
			children = (
				3D2D6E2C213D2DBD004FA710 /* StackDataStructure.swift */,
			);
			path = StackDataStructure;
			sourceTree = "<group>";
		};
		3D2D6E2F213D431F004FA710 /* QueueDataStructure */ = {
			isa = PBXGroup;
			children = (
				3D2D6E30213D4364004FA710 /* Queue.swift */,
			);
			path = QueueDataStructure;
			sourceTree = "<group>";
		};
		3D2D6E32213E7100004FA710 /* InsertionSortAlgorithm */ = {
			isa = PBXGroup;
			children = (
				3D2D6E33213E7141004FA710 /* InsertionSort.swift */,
			);
			path = InsertionSortAlgorithm;
			sourceTree = "<group>";
		};
		3D2D6E3521412C53004FA710 /* MergeSort */ = {
			isa = PBXGroup;
			children = (
				3D2D6E3621412C6D004FA710 /* MergeSort.swift */,
			);
			path = MergeSort;
			sourceTree = "<group>";
		};
/* End PBXGroup section */

/* Begin PBXNativeTarget section */
		3D2D6E21213D2D50004FA710 /* AlgorithmsAndDataStructure */ = {
			isa = PBXNativeTarget;
			buildConfigurationList = 3D2D6E29213D2D50004FA710 /* Build configuration list for PBXNativeTarget "AlgorithmsAndDataStructure" */;
			buildPhases = (
				3D2D6E1E213D2D50004FA710 /* Sources */,
				3D2D6E1F213D2D50004FA710 /* Frameworks */,
				3D2D6E20213D2D50004FA710 /* CopyFiles */,
			);
			buildRules = (
			);
			dependencies = (
			);
			name = AlgorithmsAndDataStructure;
			productName = AlgorithmsAndDataStructure;
			productReference = 3D2D6E22213D2D50004FA710 /* AlgorithmsAndDataStructure */;
			productType = "com.apple.product-type.tool";
		};
/* End PBXNativeTarget section */

/* Begin PBXProject section */
		3D2D6E1A213D2D50004FA710 /* Project object */ = {
			isa = PBXProject;
			attributes = {
				LastSwiftUpdateCheck = 0930;
				LastUpgradeCheck = 0930;
				ORGANIZATIONNAME = "Nikita Kechinov";
				TargetAttributes = {
					3D2D6E21213D2D50004FA710 = {
						CreatedOnToolsVersion = 9.3;
					};
				};
			};
			buildConfigurationList = 3D2D6E1D213D2D50004FA710 /* Build configuration list for PBXProject "AlgorithmsAndDataStructure" */;
			compatibilityVersion = "Xcode 9.3";
			developmentRegion = en;
			hasScannedForEncodings = 0;
			knownRegions = (
				en,
			);
			mainGroup = 3D2D6E19213D2D50004FA710;
			productRefGroup = 3D2D6E23213D2D50004FA710 /* Products */;
			projectDirPath = "";
			projectRoot = "";
			targets = (
				3D2D6E21213D2D50004FA710 /* AlgorithmsAndDataStructure */,
			);
		};
/* End PBXProject section */

/* Begin PBXSourcesBuildPhase section */
		3D2D6E1E213D2D50004FA710 /* Sources */ = {
			isa = PBXSourcesBuildPhase;
			buildActionMask = 2147483647;
			files = (
				3D2D6E2D213D2DBD004FA710 /* StackDataStructure.swift in Sources */,
				3D2D6E34213E7141004FA710 /* InsertionSort.swift in Sources */,
				3D2D6E31213D4364004FA710 /* Queue.swift in Sources */,
				3D2D6E26213D2D50004FA710 /* main.swift in Sources */,
				3D2D6E3721412C6D004FA710 /* MergeSort.swift in Sources */,
			);
			runOnlyForDeploymentPostprocessing = 0;
		};
/* End PBXSourcesBuildPhase section */

/* Begin XCBuildConfiguration section */
		3D2D6E27213D2D50004FA710 /* Debug */ = {
			isa = XCBuildConfiguration;
			buildSettings = {
				ALWAYS_SEARCH_USER_PATHS = NO;
				CLANG_ANALYZER_NONNULL = YES;
				CLANG_ANALYZER_NUMBER_OBJECT_CONVERSION = YES_AGGRESSIVE;
				CLANG_CXX_LANGUAGE_STANDARD = "gnu++14";
				CLANG_CXX_LIBRARY = "libc++";
				CLANG_ENABLE_MODULES = YES;
				CLANG_ENABLE_OBJC_ARC = YES;
				CLANG_ENABLE_OBJC_WEAK = YES;
				CLANG_WARN_BLOCK_CAPTURE_AUTORELEASING = YES;
				CLANG_WARN_BOOL_CONVERSION = YES;
				CLANG_WARN_COMMA = YES;
				CLANG_WARN_CONSTANT_CONVERSION = YES;
				CLANG_WARN_DEPRECATED_OBJC_IMPLEMENTATIONS = YES;
				CLANG_WARN_DIRECT_OBJC_ISA_USAGE = YES_ERROR;
				CLANG_WARN_DOCUMENTATION_COMMENTS = YES;
				CLANG_WARN_EMPTY_BODY = YES;
				CLANG_WARN_ENUM_CONVERSION = YES;
				CLANG_WARN_INFINITE_RECURSION = YES;
				CLANG_WARN_INT_CONVERSION = YES;
				CLANG_WARN_NON_LITERAL_NULL_CONVERSION = YES;
				CLANG_WARN_OBJC_IMPLICIT_RETAIN_SELF = YES;
				CLANG_WARN_OBJC_LITERAL_CONVERSION = YES;
				CLANG_WARN_OBJC_ROOT_CLASS = YES_ERROR;
				CLANG_WARN_RANGE_LOOP_ANALYSIS = YES;
				CLANG_WARN_STRICT_PROTOTYPES = YES;
				CLANG_WARN_SUSPICIOUS_MOVE = YES;
				CLANG_WARN_UNGUARDED_AVAILABILITY = YES_AGGRESSIVE;
				CLANG_WARN_UNREACHABLE_CODE = YES;
				CLANG_WARN__DUPLICATE_METHOD_MATCH = YES;
				CODE_SIGN_IDENTITY = "Mac Developer";
				COPY_PHASE_STRIP = NO;
				DEBUG_INFORMATION_FORMAT = dwarf;
				ENABLE_STRICT_OBJC_MSGSEND = YES;
				ENABLE_TESTABILITY = YES;
				GCC_C_LANGUAGE_STANDARD = gnu11;
				GCC_DYNAMIC_NO_PIC = NO;
				GCC_NO_COMMON_BLOCKS = YES;
				GCC_OPTIMIZATION_LEVEL = 0;
				GCC_PREPROCESSOR_DEFINITIONS = (
					"DEBUG=1",
					"$(inherited)",
				);
				GCC_WARN_64_TO_32_BIT_CONVERSION = YES;
				GCC_WARN_ABOUT_RETURN_TYPE = YES_ERROR;
				GCC_WARN_UNDECLARED_SELECTOR = YES;
				GCC_WARN_UNINITIALIZED_AUTOS = YES_AGGRESSIVE;
				GCC_WARN_UNUSED_FUNCTION = YES;
				GCC_WARN_UNUSED_VARIABLE = YES;
				MACOSX_DEPLOYMENT_TARGET = 10.13;
				MTL_ENABLE_DEBUG_INFO = YES;
				ONLY_ACTIVE_ARCH = YES;
				SDKROOT = macosx;
				SWIFT_ACTIVE_COMPILATION_CONDITIONS = DEBUG;
				SWIFT_OPTIMIZATION_LEVEL = "-Onone";
			};
			name = Debug;
		};
		3D2D6E28213D2D50004FA710 /* Release */ = {
			isa = XCBuildConfiguration;
			buildSettings = {
				ALWAYS_SEARCH_USER_PATHS = NO;
				CLANG_ANALYZER_NONNULL = YES;
				CLANG_ANALYZER_NUMBER_OBJECT_CONVERSION = YES_AGGRESSIVE;
				CLANG_CXX_LANGUAGE_STANDARD = "gnu++14";
				CLANG_CXX_LIBRARY = "libc++";
				CLANG_ENABLE_MODULES = YES;
				CLANG_ENABLE_OBJC_ARC = YES;
				CLANG_ENABLE_OBJC_WEAK = YES;
				CLANG_WARN_BLOCK_CAPTURE_AUTORELEASING = YES;
				CLANG_WARN_BOOL_CONVERSION = YES;
				CLANG_WARN_COMMA = YES;
				CLANG_WARN_CONSTANT_CONVERSION = YES;
				CLANG_WARN_DEPRECATED_OBJC_IMPLEMENTATIONS = YES;
				CLANG_WARN_DIRECT_OBJC_ISA_USAGE = YES_ERROR;
				CLANG_WARN_DOCUMENTATION_COMMENTS = YES;
				CLANG_WARN_EMPTY_BODY = YES;
				CLANG_WARN_ENUM_CONVERSION = YES;
				CLANG_WARN_INFINITE_RECURSION = YES;
				CLANG_WARN_INT_CONVERSION = YES;
				CLANG_WARN_NON_LITERAL_NULL_CONVERSION = YES;
				CLANG_WARN_OBJC_IMPLICIT_RETAIN_SELF = YES;
				CLANG_WARN_OBJC_LITERAL_CONVERSION = YES;
				CLANG_WARN_OBJC_ROOT_CLASS = YES_ERROR;
				CLANG_WARN_RANGE_LOOP_ANALYSIS = YES;
				CLANG_WARN_STRICT_PROTOTYPES = YES;
				CLANG_WARN_SUSPICIOUS_MOVE = YES;
				CLANG_WARN_UNGUARDED_AVAILABILITY = YES_AGGRESSIVE;
				CLANG_WARN_UNREACHABLE_CODE = YES;
				CLANG_WARN__DUPLICATE_METHOD_MATCH = YES;
				CODE_SIGN_IDENTITY = "Mac Developer";
				COPY_PHASE_STRIP = NO;
				DEBUG_INFORMATION_FORMAT = "dwarf-with-dsym";
				ENABLE_NS_ASSERTIONS = NO;
				ENABLE_STRICT_OBJC_MSGSEND = YES;
				GCC_C_LANGUAGE_STANDARD = gnu11;
				GCC_NO_COMMON_BLOCKS = YES;
				GCC_WARN_64_TO_32_BIT_CONVERSION = YES;
				GCC_WARN_ABOUT_RETURN_TYPE = YES_ERROR;
				GCC_WARN_UNDECLARED_SELECTOR = YES;
				GCC_WARN_UNINITIALIZED_AUTOS = YES_AGGRESSIVE;
				GCC_WARN_UNUSED_FUNCTION = YES;
				GCC_WARN_UNUSED_VARIABLE = YES;
				MACOSX_DEPLOYMENT_TARGET = 10.13;
				MTL_ENABLE_DEBUG_INFO = NO;
				SDKROOT = macosx;
				SWIFT_COMPILATION_MODE = wholemodule;
				SWIFT_OPTIMIZATION_LEVEL = "-O";
			};
			name = Release;
		};
		3D2D6E2A213D2D50004FA710 /* Debug */ = {
			isa = XCBuildConfiguration;
			buildSettings = {
				CODE_SIGN_STYLE = Automatic;
				DEVELOPMENT_TEAM = 9QD9Y49583;
				PRODUCT_NAME = "$(TARGET_NAME)";
				SWIFT_VERSION = 4.0;
			};
			name = Debug;
		};
		3D2D6E2B213D2D50004FA710 /* Release */ = {
			isa = XCBuildConfiguration;
			buildSettings = {
				CODE_SIGN_STYLE = Automatic;
				DEVELOPMENT_TEAM = 9QD9Y49583;
				PRODUCT_NAME = "$(TARGET_NAME)";
				SWIFT_VERSION = 4.0;
			};
			name = Release;
		};
/* End XCBuildConfiguration section */

/* Begin XCConfigurationList section */
		3D2D6E1D213D2D50004FA710 /* Build configuration list for PBXProject "AlgorithmsAndDataStructure" */ = {
			isa = XCConfigurationList;
			buildConfigurations = (
				3D2D6E27213D2D50004FA710 /* Debug */,
				3D2D6E28213D2D50004FA710 /* Release */,
			);
			defaultConfigurationIsVisible = 0;
			defaultConfigurationName = Release;
		};
		3D2D6E29213D2D50004FA710 /* Build configuration list for PBXNativeTarget "AlgorithmsAndDataStructure" */ = {
			isa = XCConfigurationList;
			buildConfigurations = (
				3D2D6E2A213D2D50004FA710 /* Debug */,
				3D2D6E2B213D2D50004FA710 /* Release */,
			);
			defaultConfigurationIsVisible = 0;
			defaultConfigurationName = Release;
		};
/* End XCConfigurationList section */
	};
	rootObject = 3D2D6E1A213D2D50004FA710 /* Project object */;
}
